
Microsoft Visual Studio Solution File, Format Version 12.00
# Visual Studio 15
Project("{8BC9CEB8-8B4A-11D0-8D11-00A0C91BC942}") = "ConvAPI", "ConvAPI.vcxproj", "{F57C3234-615C-B1CF-6A74-3CA6D6D21731}"
EndProject
Project("{8BC9CEB8-8B4A-11D0-8D11-00A0C91BC942}") = "utilities", "utilities.vcxproj", "{212A0ED3-8D94-C249-D6D2-73EF427CA09E}"
EndProject
Project("{8BC9CEB8-8B4A-11D0-8D11-00A0C91BC942}") = "formats", "formats.vcxproj", "{E1CAACBA-4DAA-2B56-56C2-B62CC22092B7}"
EndProject
Project("{8BC9CEB8-8B4A-11D0-8D11-00A0C91BC942}") = "converters", "converters.vcxproj", "{D0C1433B-BC79-8588-2581-5EE411582079}"
EndProject
Global
	GlobalSection(SolutionConfigurationPlatforms) = preSolution
		Debug|x64 = Debug|x64
		Release|x64 = Release|x64
	EndGlobalSection
	GlobalSection(ProjectConfigurationPlatforms) = postSolution
		{F57C3234-615C-B1CF-6A74-3CA6D6D21731}.Debug|x64.ActiveCfg = Debug|x64
		{F57C3234-615C-B1CF-6A74-3CA6D6D21731}.Debug|x64.Build.0 = Debug|x64
		{F57C3234-615C-B1CF-6A74-3CA6D6D21731}.Release|x64.ActiveCfg = Release|x64
		{F57C3234-615C-B1CF-6A74-3CA6D6D21731}.Release|x64.Build.0 = Release|x64
		{212A0ED3-8D94-C249-D6D2-73EF427CA09E}.Debug|x64.ActiveCfg = Debug|x64
		{212A0ED3-8D94-C249-D6D2-73EF427CA09E}.Debug|x64.Build.0 = Debug|x64
		{212A0ED3-8D94-C249-D6D2-73EF427CA09E}.Release|x64.ActiveCfg = Release|x64
		{212A0ED3-8D94-C249-D6D2-73EF427CA09E}.Release|x64.Build.0 = Release|x64
		{E1CAACBA-4DAA-2B56-56C2-B62CC22092B7}.Debug|x64.ActiveCfg = Debug|x64
		{E1CAACBA-4DAA-2B56-56C2-B62CC22092B7}.Debug|x64.Build.0 = Debug|x64
		{E1CAACBA-4DAA-2B56-56C2-B62CC22092B7}.Release|x64.ActiveCfg = Release|x64
		{E1CAACBA-4DAA-2B56-56C2-B62CC22092B7}.Release|x64.Build.0 = Release|x64
		{D0C1433B-BC79-8588-2581-5EE411582079}.Debug|x64.ActiveCfg = Debug|x64
		{D0C1433B-BC79-8588-2581-5EE411582079}.Debug|x64.Build.0 = Debug|x64
		{D0C1433B-BC79-8588-2581-5EE411582079}.Release|x64.ActiveCfg = Release|x64
		{D0C1433B-BC79-8588-2581-5EE411582079}.Release|x64.Build.0 = Release|x64
	EndGlobalSection
	GlobalSection(SolutionProperties) = preSolution
		HideSolutionNode = FALSE
	EndGlobalSection
EndGlobal
